
Microsoft Visual Studio Solution File, Format Version 12.00
# Visual Studio Version 16
VisualStudioVersion = 16.0.31613.86
MinimumVisualStudioVersion = 10.0.40219.1
Project("{FAE04EC0-301F-11D3-BF4B-00C04F79EFBC}") = "EmployeesApi", "EmployeesApi\EmployeesApi.csproj", "{FD345468-04BA-4BBD-98A1-D3731448807D}"
EndProject
Global
	GlobalSection(SolutionConfigurationPlatforms) = preSolution
		Debug|Any CPU = Debug|Any CPU
		Release|Any CPU = Release|Any CPU
	EndGlobalSection
	GlobalSection(ProjectConfigurationPlatforms) = postSolution
		{FD345468-04BA-4BBD-98A1-D3731448807D}.Debug|Any CPU.ActiveCfg = Debug|Any CPU
		{FD345468-04BA-4BBD-98A1-D3731448807D}.Debug|Any CPU.Build.0 = Debug|Any CPU
		{FD345468-04BA-4BBD-98A1-D3731448807D}.Release|Any CPU.ActiveCfg = Release|Any CPU
		{FD345468-04BA-4BBD-98A1-D3731448807D}.Release|Any CPU.Build.0 = Release|Any CPU
	EndGlobalSection
	GlobalSection(SolutionProperties) = preSolution
		HideSolutionNode = FALSE
	EndGlobalSection
	GlobalSection(ExtensibilityGlobals) = postSolution
		SolutionGuid = {D1EAAFE7-0E2B-41E9-BC0B-81961C26198A}
	EndGlobalSection
EndGlobal
